<?xml version="1.0" encoding="utf-8"?>
<Project ToolsVersion="4.0" xmlns="http://schemas.microsoft.com/developer/msbuild/2003">
  <ItemGroup>
    <Filter Include="Source Files">
      <UniqueIdentifier>{4FC737F1-C7A5-4376-A066-2A32D752A2FF}</UniqueIdentifier>
      <Extensions>cpp;c;cc;cxx;def;odl;idl;hpj;bat;asm;asmx</Extensions>
    </Filter>
    <Filter Include="Header Files">
      <UniqueIdentifier>{93995380-89BD-4b04-88EB-625FBE52EBFB}</UniqueIdentifier>
      <Extensions>h;hh;hpp;hxx;hm;inl;inc;xsd</Extensions>
    </Filter>
    <Filter Include="Resource Files">
      <UniqueIdentifier>{67DA6AB6-F800-4c08-8B7A-83BB121AAD01}</UniqueIdentifier>
      <Extensions>rc;ico;cur;bmp;dlg;rc2;rct;bin;rgs;gif;jpg;jpeg;jpe;resx;tiff;tif;png;wav;mfcribbon-ms</Extensions>
    </Filter>
    <Filter Include="SOIL2">
      <UniqueIdentifier>{fa590cbc-0615-4683-91cb-7f08f0eb4ca2}</UniqueIdentifier>
    </Filter>
    <Filter Include="Shaders">
      <UniqueIdentifier>{906925db-adf2-44f5-83d2-43f6e7ab2ea3}</UniqueIdentifier>
    </Filter>
  </ItemGroup>
  <ItemGroup>
    <ClInclude Include="Shader.h">
      <Filter>Header Files</Filter>
    </ClInclude>
    <ClInclude Include="Win32Window.h">
      <Filter>Header Files</Filter>
    </ClInclude>
    <ClInclude Include="..\..\..\..\..\..\..\OpenGL\SOIL2\etc1_utils.h">
      <Filter>SOIL2</Filter>
    </ClInclude>
    <ClInclude Include="..\..\..\..\..\..\..\OpenGL\SOIL2\image_DXT.h">
      <Filter>SOIL2</Filter>
    </ClInclude>
    <ClInclude Include="..\..\..\..\..\..\..\OpenGL\SOIL2\image_helper.h">
      <Filter>SOIL2</Filter>
    </ClInclude>
    <ClInclude Include="..\..\..\..\..\..\..\OpenGL\SOIL2\jo_jpeg.h">
      <Filter>SOIL2</Filter>
    </ClInclude>
    <ClInclude Include="..\..\..\..\..\..\..\OpenGL\SOIL2\pkm_helper.h">
      <Filter>SOIL2</Filter>
    </ClInclude>
    <ClInclude Include="..\..\..\..\..\..\..\OpenGL\SOIL2\pvr_helper.h">
      <Filter>SOIL2</Filter>
    </ClInclude>
    <ClInclude Include="..\..\..\..\..\..\..\OpenGL\SOIL2\SOIL2.h">
      <Filter>SOIL2</Filter>
    </ClInclude>
    <ClInclude Include="..\..\..\..\..\..\..\OpenGL\SOIL2\stb_image.h">
      <Filter>SOIL2</Filter>
    </ClInclude>
    <ClInclude Include="..\..\..\..\..\..\..\OpenGL\SOIL2\stb_image_write.h">
      <Filter>SOIL2</Filter>
    </ClInclude>
    <ClInclude Include="..\..\..\..\..\..\..\OpenGL\SOIL2\stbi_DDS.h">
      <Filter>SOIL2</Filter>
    </ClInclude>
    <ClInclude Include="..\..\..\..\..\..\..\OpenGL\SOIL2\stbi_DDS_c.h">
      <Filter>SOIL2</Filter>
    </ClInclude>
    <ClInclude Include="..\..\..\..\..\..\..\OpenGL\SOIL2\stbi_ext.h">
      <Filter>SOIL2</Filter>
    </ClInclude>
    <ClInclude Include="..\..\..\..\..\..\..\OpenGL\SOIL2\stbi_ext_c.h">
      <Filter>SOIL2</Filter>
    </ClInclude>
    <ClInclude Include="..\..\..\..\..\..\..\OpenGL\SOIL2\stbi_pkm.h">
      <Filter>SOIL2</Filter>
    </ClInclude>
    <ClInclude Include="..\..\..\..\..\..\..\OpenGL\SOIL2\stbi_pkm_c.h">
      <Filter>SOIL2</Filter>
    </ClInclude>
    <ClInclude Include="..\..\..\..\..\..\..\OpenGL\SOIL2\stbi_pvr.h">
      <Filter>SOIL2</Filter>
    </ClInclude>
    <ClInclude Include="..\..\..\..\..\..\..\OpenGL\SOIL2\stbi_pvr_c.h">
      <Filter>SOIL2</Filter>
    </ClInclude>
  </ItemGroup>
  <ItemGroup>
    <ClCompile Include="Win32Window.cpp">
      <Filter>Source Files</Filter>
    </ClCompile>
    <ClCompile Include="Main.cpp">
      <Filter>Source Files</Filter>
    </ClCompile>
    <ClCompile Include="..\..\..\..\..\..\..\OpenGL\SOIL2\etc1_utils.c">
      <Filter>SOIL2</Filter>
    </ClCompile>
    <ClCompile Include="..\..\..\..\..\..\..\OpenGL\SOIL2\image_DXT.c">
      <Filter>SOIL2</Filter>
    </ClCompile>
    <ClCompile Include="..\..\..\..\..\..\..\OpenGL\SOIL2\image_helper.c">
      <Filter>SOIL2</Filter>
    </ClCompile>
    <ClCompile Include="..\..\..\..\..\..\..\OpenGL\SOIL2\SOIL2.c">
      <Filter>SOIL2</Filter>
    </ClCompile>
  </ItemGroup>
  <ItemGroup>
    <Image Include="container.jpg">
      <Filter>Resource Files</Filter>
    </Image>
    <Image Include="ovechki.jpg">
      <Filter>Resource Files</Filter>
    </Image>
    <Image Include="Fence.png">
      <Filter>Resource Files</Filter>
    </Image>
    <Image Include="Light.png">
      <Filter>Resource Files</Filter>
    </Image>
    <Image Include="Water.png">
      <Filter>Resource Files</Filter>
    </Image>
    <Image Include="image2.png">
      <Filter>Resource Files</Filter>
    </Image>
    <Image Include="image3.png">
      <Filter>Resource Files</Filter>
    </Image>
  </ItemGroup>
  <ItemGroup>
    <None Include="core.vs">
      <Filter>Shaders</Filter>
    </None>
    <None Include="core.frag">
      <Filter>Shaders</Filter>
    </None>
  </ItemGroup>
</Project>