
Microsoft Visual Studio Solution File, Format Version 12.00
# Visual Studio 15
VisualStudioVersion = 15.0.26403.7
MinimumVisualStudioVersion = 10.0.40219.1
Project("{8BC9CEB8-8B4A-11D0-8D11-00A0C91BC942}") = "OpenGL_Tutorial01", "OpenGL_Tutorial01\OpenGL_Tutorial01.vcxproj", "{ED916A3B-A4D4-4F70-A871-D5B3BDFED007}"
EndProject
Project("{8BC9CEB8-8B4A-11D0-8D11-00A0C91BC942}") = "OpenGL_WindowContext", "OpenGL_WindowContext\OpenGL_WindowContext.vcxproj", "{892130CD-E88A-4A2F-A1A8-E900CEA68F6C}"
EndProject
Project("{8BC9CEB8-8B4A-11D0-8D11-00A0C91BC942}") = "OpenGL_Tut_Drawing_Triangle_White", "OpenGL_Tut_Drawing_Triangle_White\OpenGL_Tut_Drawing_Triangle_White.vcxproj", "{B9CCA1DA-8F3E-41DC-A42B-19036A5E4FE0}"
EndProject
Project("{8BC9CEB8-8B4A-11D0-8D11-00A0C91BC942}") = "OpenGL_Tutorial02_ShaderFiles", "OpenGL_Tutorial02_ShaderFiles\OpenGL_Tutorial02_ShaderFiles.vcxproj", "{CF2A8CC0-33EC-4006-AFE3-8AB727BD59D9}"
EndProject
Project("{8BC9CEB8-8B4A-11D0-8D11-00A0C91BC942}") = "OpenGL_Tutorial03_Textures", "OpenGL_Tutorial03_Textures\OpenGL_Tutorial03_Textures.vcxproj", "{71621854-B4DB-4B30-948A-32B77C234852}"
EndProject
Project("{8BC9CEB8-8B4A-11D0-8D11-00A0C91BC942}") = "OpenGL_Tutorial04_Transformations", "OpenGL_Tutorial04_Transformations\OpenGL_Tutorial04_Transformations.vcxproj", "{84DD9523-34F5-4A7C-A88F-193FAFE08AF2}"
EndProject
Project("{8BC9CEB8-8B4A-11D0-8D11-00A0C91BC942}") = "OpenGL_Tutorial05_ProjandCoorSys", "OpenGL_Tutorial05_ProjandCoorSys\OpenGL_Tutorial05_ProjandCoorSys.vcxproj", "{D844DFFB-E969-4EB6-8FDC-2878E9E37A76}"
EndProject
Project("{8BC9CEB8-8B4A-11D0-8D11-00A0C91BC942}") = "OpenGL_Tutorial06_Camera", "OpenGL_Tutorial06_Camera\OpenGL_Tutorial06_Camera.vcxproj", "{769BAEAC-11F8-438A-8E08-F8A5765BFA27}"
EndProject
Global
	GlobalSection(SolutionConfigurationPlatforms) = preSolution
		Debug|x64 = Debug|x64
		Debug|x86 = Debug|x86
		Release|x64 = Release|x64
		Release|x86 = Release|x86
	EndGlobalSection
	GlobalSection(ProjectConfigurationPlatforms) = postSolution
		{ED916A3B-A4D4-4F70-A871-D5B3BDFED007}.Debug|x64.ActiveCfg = Debug|x64
		{ED916A3B-A4D4-4F70-A871-D5B3BDFED007}.Debug|x64.Build.0 = Debug|x64
		{ED916A3B-A4D4-4F70-A871-D5B3BDFED007}.Debug|x86.ActiveCfg = Debug|Win32
		{ED916A3B-A4D4-4F70-A871-D5B3BDFED007}.Debug|x86.Build.0 = Debug|Win32
		{ED916A3B-A4D4-4F70-A871-D5B3BDFED007}.Release|x64.ActiveCfg = Release|x64
		{ED916A3B-A4D4-4F70-A871-D5B3BDFED007}.Release|x64.Build.0 = Release|x64
		{ED916A3B-A4D4-4F70-A871-D5B3BDFED007}.Release|x86.ActiveCfg = Release|Win32
		{ED916A3B-A4D4-4F70-A871-D5B3BDFED007}.Release|x86.Build.0 = Release|Win32
		{892130CD-E88A-4A2F-A1A8-E900CEA68F6C}.Debug|x64.ActiveCfg = Debug|x64
		{892130CD-E88A-4A2F-A1A8-E900CEA68F6C}.Debug|x64.Build.0 = Debug|x64
		{892130CD-E88A-4A2F-A1A8-E900CEA68F6C}.Debug|x86.ActiveCfg = Debug|Win32
		{892130CD-E88A-4A2F-A1A8-E900CEA68F6C}.Debug|x86.Build.0 = Debug|Win32
		{892130CD-E88A-4A2F-A1A8-E900CEA68F6C}.Release|x64.ActiveCfg = Release|x64
		{892130CD-E88A-4A2F-A1A8-E900CEA68F6C}.Release|x64.Build.0 = Release|x64
		{892130CD-E88A-4A2F-A1A8-E900CEA68F6C}.Release|x86.ActiveCfg = Release|Win32
		{892130CD-E88A-4A2F-A1A8-E900CEA68F6C}.Release|x86.Build.0 = Release|Win32
		{B9CCA1DA-8F3E-41DC-A42B-19036A5E4FE0}.Debug|x64.ActiveCfg = Debug|x64
		{B9CCA1DA-8F3E-41DC-A42B-19036A5E4FE0}.Debug|x64.Build.0 = Debug|x64
		{B9CCA1DA-8F3E-41DC-A42B-19036A5E4FE0}.Debug|x86.ActiveCfg = Debug|Win32
		{B9CCA1DA-8F3E-41DC-A42B-19036A5E4FE0}.Debug|x86.Build.0 = Debug|Win32
		{B9CCA1DA-8F3E-41DC-A42B-19036A5E4FE0}.Release|x64.ActiveCfg = Release|x64
		{B9CCA1DA-8F3E-41DC-A42B-19036A5E4FE0}.Release|x64.Build.0 = Release|x64
		{B9CCA1DA-8F3E-41DC-A42B-19036A5E4FE0}.Release|x86.ActiveCfg = Release|Win32
		{B9CCA1DA-8F3E-41DC-A42B-19036A5E4FE0}.Release|x86.Build.0 = Release|Win32
		{CF2A8CC0-33EC-4006-AFE3-8AB727BD59D9}.Debug|x64.ActiveCfg = Debug|x64
		{CF2A8CC0-33EC-4006-AFE3-8AB727BD59D9}.Debug|x64.Build.0 = Debug|x64
		{CF2A8CC0-33EC-4006-AFE3-8AB727BD59D9}.Debug|x86.ActiveCfg = Debug|Win32
		{CF2A8CC0-33EC-4006-AFE3-8AB727BD59D9}.Debug|x86.Build.0 = Debug|Win32
		{CF2A8CC0-33EC-4006-AFE3-8AB727BD59D9}.Release|x64.ActiveCfg = Release|x64
		{CF2A8CC0-33EC-4006-AFE3-8AB727BD59D9}.Release|x64.Build.0 = Release|x64
		{CF2A8CC0-33EC-4006-AFE3-8AB727BD59D9}.Release|x86.ActiveCfg = Release|Win32
		{CF2A8CC0-33EC-4006-AFE3-8AB727BD59D9}.Release|x86.Build.0 = Release|Win32
		{71621854-B4DB-4B30-948A-32B77C234852}.Debug|x64.ActiveCfg = Debug|x64
		{71621854-B4DB-4B30-948A-32B77C234852}.Debug|x64.Build.0 = Debug|x64
		{71621854-B4DB-4B30-948A-32B77C234852}.Debug|x86.ActiveCfg = Debug|Win32
		{71621854-B4DB-4B30-948A-32B77C234852}.Debug|x86.Build.0 = Debug|Win32
		{71621854-B4DB-4B30-948A-32B77C234852}.Release|x64.ActiveCfg = Release|x64
		{71621854-B4DB-4B30-948A-32B77C234852}.Release|x64.Build.0 = Release|x64
		{71621854-B4DB-4B30-948A-32B77C234852}.Release|x86.ActiveCfg = Release|Win32
		{71621854-B4DB-4B30-948A-32B77C234852}.Release|x86.Build.0 = Release|Win32
		{84DD9523-34F5-4A7C-A88F-193FAFE08AF2}.Debug|x64.ActiveCfg = Debug|x64
		{84DD9523-34F5-4A7C-A88F-193FAFE08AF2}.Debug|x64.Build.0 = Debug|x64
		{84DD9523-34F5-4A7C-A88F-193FAFE08AF2}.Debug|x86.ActiveCfg = Debug|Win32
		{84DD9523-34F5-4A7C-A88F-193FAFE08AF2}.Debug|x86.Build.0 = Debug|Win32
		{84DD9523-34F5-4A7C-A88F-193FAFE08AF2}.Release|x64.ActiveCfg = Release|x64
		{84DD9523-34F5-4A7C-A88F-193FAFE08AF2}.Release|x64.Build.0 = Release|x64
		{84DD9523-34F5-4A7C-A88F-193FAFE08AF2}.Release|x86.ActiveCfg = Release|Win32
		{84DD9523-34F5-4A7C-A88F-193FAFE08AF2}.Release|x86.Build.0 = Release|Win32
		{D844DFFB-E969-4EB6-8FDC-2878E9E37A76}.Debug|x64.ActiveCfg = Debug|x64
		{D844DFFB-E969-4EB6-8FDC-2878E9E37A76}.Debug|x64.Build.0 = Debug|x64
		{D844DFFB-E969-4EB6-8FDC-2878E9E37A76}.Debug|x86.ActiveCfg = Debug|Win32
		{D844DFFB-E969-4EB6-8FDC-2878E9E37A76}.Debug|x86.Build.0 = Debug|Win32
		{D844DFFB-E969-4EB6-8FDC-2878E9E37A76}.Release|x64.ActiveCfg = Release|x64
		{D844DFFB-E969-4EB6-8FDC-2878E9E37A76}.Release|x64.Build.0 = Release|x64
		{D844DFFB-E969-4EB6-8FDC-2878E9E37A76}.Release|x86.ActiveCfg = Release|Win32
		{D844DFFB-E969-4EB6-8FDC-2878E9E37A76}.Release|x86.Build.0 = Release|Win32
		{769BAEAC-11F8-438A-8E08-F8A5765BFA27}.Debug|x64.ActiveCfg = Debug|x64
		{769BAEAC-11F8-438A-8E08-F8A5765BFA27}.Debug|x64.Build.0 = Debug|x64
		{769BAEAC-11F8-438A-8E08-F8A5765BFA27}.Debug|x86.ActiveCfg = Debug|Win32
		{769BAEAC-11F8-438A-8E08-F8A5765BFA27}.Debug|x86.Build.0 = Debug|Win32
		{769BAEAC-11F8-438A-8E08-F8A5765BFA27}.Release|x64.ActiveCfg = Release|x64
		{769BAEAC-11F8-438A-8E08-F8A5765BFA27}.Release|x64.Build.0 = Release|x64
		{769BAEAC-11F8-438A-8E08-F8A5765BFA27}.Release|x86.ActiveCfg = Release|Win32
		{769BAEAC-11F8-438A-8E08-F8A5765BFA27}.Release|x86.Build.0 = Release|Win32
	EndGlobalSection
	GlobalSection(SolutionProperties) = preSolution
		HideSolutionNode = FALSE
	EndGlobalSection
EndGlobal
